
Microsoft Visual Studio Solution File, Format Version 12.00
# Visual Studio Version 17
VisualStudioVersion = 17.0.31903.59
MinimumVisualStudioVersion = 10.0.40219.1
Project("{FAE04EC0-301F-11D3-BF4B-00C04F79EFBC}") = "Surtr.Core", "src\Surtr.Core\Surtr.Core.csproj", "{35C1C454-D19F-4D09-89E0-3F3B643CF557}"
EndProject
Global
	GlobalSection(SolutionConfigurationPlatforms) = preSolution
		Debug|Any CPU = Debug|Any CPU
		Release|Any CPU = Release|Any CPU
	EndGlobalSection
	GlobalSection(ProjectConfigurationPlatforms) = postSolution
		{35C1C454-D19F-4D09-89E0-3F3B643CF557}.Debug|Any CPU.ActiveCfg = Debug|Any CPU
		{35C1C454-D19F-4D09-89E0-3F3B643CF557}.Debug|Any CPU.Build.0 = Debug|Any CPU
		{35C1C454-D19F-4D09-89E0-3F3B643CF557}.Release|Any CPU.ActiveCfg = Release|Any CPU
		{35C1C454-D19F-4D09-89E0-3F3B643CF557}.Release|Any CPU.Build.0 = Release|Any CPU
	EndGlobalSection
	GlobalSection(SolutionProperties) = preSolution
		HideSolutionNode = FALSE
	EndGlobalSection
	GlobalSection(ExtensibilityGlobals) = postSolution
		SolutionGuid = {F7E46DBD-662B-40B0-ABB7-C562F15141C8}
	EndGlobalSection
EndGlobal
