
Microsoft Visual Studio Solution File, Format Version 12.00
# Visual Studio Version 18
VisualStudioVersion = 18.9.12023.133
MinimumVisualStudioVersion = 10.0.40219.1
Project("{FAE04EC0-301F-11D3-BF4B-00C04F79EFBC}") = "Surtr.Core", "src\Surtr.Core\Surtr.Core.csproj", "{35C1C454-D19F-4D09-89E0-3F3B643CF557}"
EndProject
Project("{2150E333-8FDC-42A3-9474-1A3956D46DE8}") = "src", "src", "{827E0CD3-B72D-47B6-A68D-7590B98EB39B}"
EndProject
Project("{FAE04EC0-301F-11D3-BF4B-00C04F79EFBC}") = "Surtr.Tests", "src\Surtr.Tests\Surtr.Tests.csproj", "{AEEF8DC6-E925-4EFE-BBAD-F8EBA6F75E4A}"
EndProject
Project("{FAE04EC0-301F-11D3-BF4B-00C04F79EFBC}") = "Surtr.Compiler", "src\Surtr.Compiler\Surtr.Compiler.csproj", "{D3C2D42C-526E-436F-AE1F-04E8F174642E}"
EndProject
Project("{FAE04EC0-301F-11D3-BF4B-00C04F79EFBC}") = "Surtr.Cli", "src\Surtr.Cli\Surtr.Cli.csproj", "{358600FD-8CD1-4288-A2BE-601EACAD08A3}"
EndProject
Project("{FAE04EC0-301F-11D3-BF4B-00C04F79EFBC}") = "Surtr.Run", "src\Surtr.Run\Surtr.Run.csproj", "{7A643A9D-CDE3-4C80-84E0-55053EB50A44}"
EndProject
Project("{FAE04EC0-301F-11D3-BF4B-00C04F79EFBC}") = "Surtr.Bench", "src\Surtr.Bench\Surtr.Bench.csproj", "{CC59F62E-E126-460A-AD43-CD5E1C52484E}"
EndProject
Project("{FAE04EC0-301F-11D3-BF4B-00C04F79EFBC}") = "Surtr.LanguageServer", "src\Surtr.LanguageServer\Surtr.LanguageServer.csproj", "{E2BE8C95-040F-D2DF-59AF-17BF54B977DA}"
EndProject
Project("{FAE04EC0-301F-11D3-BF4B-00C04F79EFBC}") = "Surtr.Stdlib", "src\Surtr.Stdlib\Surtr.Stdlib.csproj", "{110F9D8E-F737-0DF6-2F6A-240765485971}"
EndProject
Project("{FAE04EC0-301F-11D3-BF4B-00C04F79EFBC}") = "Surtr.Stdlib.Tool", "src\Surtr.Stdlib.Tool\Surtr.Stdlib.Tool.csproj", "{F62A076F-FD2B-4A63-965B-934707C30213}"
EndProject
Project("{FAE04EC0-301F-11D3-BF4B-00C04F79EFBC}") = "Surtr.Interop.Attributes", "src\Surtr.Interop.Attributes\Surtr.Interop.Attributes.csproj", "{AC8ADF3B-74BC-4E8F-AD68-9CF5F0181199}"
EndProject
Project("{FAE04EC0-301F-11D3-BF4B-00C04F79EFBC}") = "Surtr.Interop", "src\Surtr.Interop\Surtr.Interop.csproj", "{8337A51B-63FC-43C7-A3BA-3904D6F709BF}"
EndProject
Global
	GlobalSection(SolutionConfigurationPlatforms) = preSolution
		Debug|Any CPU = Debug|Any CPU
		Debug|x64 = Debug|x64
		Debug|x86 = Debug|x86
		Release|Any CPU = Release|Any CPU
		Release|x64 = Release|x64
		Release|x86 = Release|x86
	EndGlobalSection
	GlobalSection(ProjectConfigurationPlatforms) = postSolution
		{35C1C454-D19F-4D09-89E0-3F3B643CF557}.Debug|Any CPU.ActiveCfg = Debug|Any CPU
		{35C1C454-D19F-4D09-89E0-3F3B643CF557}.Debug|Any CPU.Build.0 = Debug|Any CPU
		{35C1C454-D19F-4D09-89E0-3F3B643CF557}.Debug|x64.ActiveCfg = Debug|Any CPU
		{35C1C454-D19F-4D09-89E0-3F3B643CF557}.Debug|x64.Build.0 = Debug|Any CPU
		{35C1C454-D19F-4D09-89E0-3F3B643CF557}.Debug|x86.ActiveCfg = Debug|Any CPU
		{35C1C454-D19F-4D09-89E0-3F3B643CF557}.Debug|x86.Build.0 = Debug|Any CPU
		{35C1C454-D19F-4D09-89E0-3F3B643CF557}.Release|Any CPU.ActiveCfg = Release|Any CPU
		{35C1C454-D19F-4D09-89E0-3F3B643CF557}.Release|Any CPU.Build.0 = Release|Any CPU
		{35C1C454-D19F-4D09-89E0-3F3B643CF557}.Release|x64.ActiveCfg = Release|Any CPU
		{35C1C454-D19F-4D09-89E0-3F3B643CF557}.Release|x64.Build.0 = Release|Any CPU
		{35C1C454-D19F-4D09-89E0-3F3B643CF557}.Release|x86.ActiveCfg = Release|Any CPU
		{35C1C454-D19F-4D09-89E0-3F3B643CF557}.Release|x86.Build.0 = Release|Any CPU
		{AEEF8DC6-E925-4EFE-BBAD-F8EBA6F75E4A}.Debug|Any CPU.ActiveCfg = Debug|Any CPU
		{AEEF8DC6-E925-4EFE-BBAD-F8EBA6F75E4A}.Debug|Any CPU.Build.0 = Debug|Any CPU
		{AEEF8DC6-E925-4EFE-BBAD-F8EBA6F75E4A}.Debug|x64.ActiveCfg = Debug|Any CPU
		{AEEF8DC6-E925-4EFE-BBAD-F8EBA6F75E4A}.Debug|x64.Build.0 = Debug|Any CPU
		{AEEF8DC6-E925-4EFE-BBAD-F8EBA6F75E4A}.Debug|x86.ActiveCfg = Debug|Any CPU
		{AEEF8DC6-E925-4EFE-BBAD-F8EBA6F75E4A}.Debug|x86.Build.0 = Debug|Any CPU
		{AEEF8DC6-E925-4EFE-BBAD-F8EBA6F75E4A}.Release|Any CPU.ActiveCfg = Release|Any CPU
		{AEEF8DC6-E925-4EFE-BBAD-F8EBA6F75E4A}.Release|Any CPU.Build.0 = Release|Any CPU
		{AEEF8DC6-E925-4EFE-BBAD-F8EBA6F75E4A}.Release|x64.ActiveCfg = Release|Any CPU
		{AEEF8DC6-E925-4EFE-BBAD-F8EBA6F75E4A}.Release|x64.Build.0 = Release|Any CPU
		{AEEF8DC6-E925-4EFE-BBAD-F8EBA6F75E4A}.Release|x86.ActiveCfg = Release|Any CPU
		{AEEF8DC6-E925-4EFE-BBAD-F8EBA6F75E4A}.Release|x86.Build.0 = Release|Any CPU
		{D3C2D42C-526E-436F-AE1F-04E8F174642E}.Debug|Any CPU.ActiveCfg = Debug|Any CPU
		{D3C2D42C-526E-436F-AE1F-04E8F174642E}.Debug|Any CPU.Build.0 = Debug|Any CPU
		{D3C2D42C-526E-436F-AE1F-04E8F174642E}.Debug|x64.ActiveCfg = Debug|Any CPU
		{D3C2D42C-526E-436F-AE1F-04E8F174642E}.Debug|x64.Build.0 = Debug|Any CPU
		{D3C2D42C-526E-436F-AE1F-04E8F174642E}.Debug|x86.ActiveCfg = Debug|Any CPU
		{D3C2D42C-526E-436F-AE1F-04E8F174642E}.Debug|x86.Build.0 = Debug|Any CPU
		{D3C2D42C-526E-436F-AE1F-04E8F174642E}.Release|Any CPU.ActiveCfg = Release|Any CPU
		{D3C2D42C-526E-436F-AE1F-04E8F174642E}.Release|Any CPU.Build.0 = Release|Any CPU
		{D3C2D42C-526E-436F-AE1F-04E8F174642E}.Release|x64.ActiveCfg = Release|Any CPU
		{D3C2D42C-526E-436F-AE1F-04E8F174642E}.Release|x64.Build.0 = Release|Any CPU
		{D3C2D42C-526E-436F-AE1F-04E8F174642E}.Release|x86.ActiveCfg = Release|Any CPU
		{D3C2D42C-526E-436F-AE1F-04E8F174642E}.Release|x86.Build.0 = Release|Any CPU
		{358600FD-8CD1-4288-A2BE-601EACAD08A3}.Debug|Any CPU.ActiveCfg = Debug|Any CPU
		{358600FD-8CD1-4288-A2BE-601EACAD08A3}.Debug|Any CPU.Build.0 = Debug|Any CPU
		{358600FD-8CD1-4288-A2BE-601EACAD08A3}.Debug|x64.ActiveCfg = Debug|Any CPU
		{358600FD-8CD1-4288-A2BE-601EACAD08A3}.Debug|x64.Build.0 = Debug|Any CPU
		{358600FD-8CD1-4288-A2BE-601EACAD08A3}.Debug|x86.ActiveCfg = Debug|Any CPU
		{358600FD-8CD1-4288-A2BE-601EACAD08A3}.Debug|x86.Build.0 = Debug|Any CPU
		{358600FD-8CD1-4288-A2BE-601EACAD08A3}.Release|Any CPU.ActiveCfg = Release|Any CPU
		{358600FD-8CD1-4288-A2BE-601EACAD08A3}.Release|Any CPU.Build.0 = Release|Any CPU
		{358600FD-8CD1-4288-A2BE-601EACAD08A3}.Release|x64.ActiveCfg = Release|Any CPU
		{358600FD-8CD1-4288-A2BE-601EACAD08A3}.Release|x64.Build.0 = Release|Any CPU
		{358600FD-8CD1-4288-A2BE-601EACAD08A3}.Release|x86.ActiveCfg = Release|Any CPU
		{358600FD-8CD1-4288-A2BE-601EACAD08A3}.Release|x86.Build.0 = Release|Any CPU
		{7A643A9D-CDE3-4C80-84E0-55053EB50A44}.Debug|Any CPU.ActiveCfg = Debug|Any CPU
		{7A643A9D-CDE3-4C80-84E0-55053EB50A44}.Debug|Any CPU.Build.0 = Debug|Any CPU
		{7A643A9D-CDE3-4C80-84E0-55053EB50A44}.Debug|x64.ActiveCfg = Debug|Any CPU
		{7A643A9D-CDE3-4C80-84E0-55053EB50A44}.Debug|x64.Build.0 = Debug|Any CPU
		{7A643A9D-CDE3-4C80-84E0-55053EB50A44}.Debug|x86.ActiveCfg = Debug|Any CPU
		{7A643A9D-CDE3-4C80-84E0-55053EB50A44}.Debug|x86.Build.0 = Debug|Any CPU
		{7A643A9D-CDE3-4C80-84E0-55053EB50A44}.Release|Any CPU.ActiveCfg = Release|Any CPU
		{7A643A9D-CDE3-4C80-84E0-55053EB50A44}.Release|Any CPU.Build.0 = Release|Any CPU
		{7A643A9D-CDE3-4C80-84E0-55053EB50A44}.Release|x64.ActiveCfg = Release|Any CPU
		{7A643A9D-CDE3-4C80-84E0-55053EB50A44}.Release|x64.Build.0 = Release|Any CPU
		{7A643A9D-CDE3-4C80-84E0-55053EB50A44}.Release|x86.ActiveCfg = Release|Any CPU
		{7A643A9D-CDE3-4C80-84E0-55053EB50A44}.Release|x86.Build.0 = Release|Any CPU
		{CC59F62E-E126-460A-AD43-CD5E1C52484E}.Debug|Any CPU.ActiveCfg = Debug|Any CPU
		{CC59F62E-E126-460A-AD43-CD5E1C52484E}.Debug|Any CPU.Build.0 = Debug|Any CPU
		{CC59F62E-E126-460A-AD43-CD5E1C52484E}.Debug|x64.ActiveCfg = Debug|Any CPU
		{CC59F62E-E126-460A-AD43-CD5E1C52484E}.Debug|x64.Build.0 = Debug|Any CPU
		{CC59F62E-E126-460A-AD43-CD5E1C52484E}.Debug|x86.ActiveCfg = Debug|Any CPU
		{CC59F62E-E126-460A-AD43-CD5E1C52484E}.Debug|x86.Build.0 = Debug|Any CPU
		{CC59F62E-E126-460A-AD43-CD5E1C52484E}.Release|Any CPU.ActiveCfg = Release|Any CPU
		{CC59F62E-E126-460A-AD43-CD5E1C52484E}.Release|Any CPU.Build.0 = Release|Any CPU
		{CC59F62E-E126-460A-AD43-CD5E1C52484E}.Release|x64.ActiveCfg = Release|Any CPU
		{CC59F62E-E126-460A-AD43-CD5E1C52484E}.Release|x64.Build.0 = Release|Any CPU
		{CC59F62E-E126-460A-AD43-CD5E1C52484E}.Release|x86.ActiveCfg = Release|Any CPU
		{CC59F62E-E126-460A-AD43-CD5E1C52484E}.Release|x86.Build.0 = Release|Any CPU
		{E2BE8C95-040F-D2DF-59AF-17BF54B977DA}.Debug|Any CPU.ActiveCfg = Debug|Any CPU
		{E2BE8C95-040F-D2DF-59AF-17BF54B977DA}.Debug|Any CPU.Build.0 = Debug|Any CPU
		{E2BE8C95-040F-D2DF-59AF-17BF54B977DA}.Debug|x64.ActiveCfg = Debug|Any CPU
		{E2BE8C95-040F-D2DF-59AF-17BF54B977DA}.Debug|x64.Build.0 = Debug|Any CPU
		{E2BE8C95-040F-D2DF-59AF-17BF54B977DA}.Debug|x86.ActiveCfg = Debug|Any CPU
		{E2BE8C95-040F-D2DF-59AF-17BF54B977DA}.Debug|x86.Build.0 = Debug|Any CPU
		{E2BE8C95-040F-D2DF-59AF-17BF54B977DA}.Release|Any CPU.ActiveCfg = Release|Any CPU
		{E2BE8C95-040F-D2DF-59AF-17BF54B977DA}.Release|Any CPU.Build.0 = Release|Any CPU
		{E2BE8C95-040F-D2DF-59AF-17BF54B977DA}.Release|x64.ActiveCfg = Release|Any CPU
		{E2BE8C95-040F-D2DF-59AF-17BF54B977DA}.Release|x64.Build.0 = Release|Any CPU
		{E2BE8C95-040F-D2DF-59AF-17BF54B977DA}.Release|x86.ActiveCfg = Release|Any CPU
		{E2BE8C95-040F-D2DF-59AF-17BF54B977DA}.Release|x86.Build.0 = Release|Any CPU
		{110F9D8E-F737-0DF6-2F6A-240765485971}.Debug|Any CPU.ActiveCfg = Debug|Any CPU
		{110F9D8E-F737-0DF6-2F6A-240765485971}.Debug|Any CPU.Build.0 = Debug|Any CPU
		{110F9D8E-F737-0DF6-2F6A-240765485971}.Debug|x64.ActiveCfg = Debug|Any CPU
		{110F9D8E-F737-0DF6-2F6A-240765485971}.Debug|x64.Build.0 = Debug|Any CPU
		{110F9D8E-F737-0DF6-2F6A-240765485971}.Debug|x86.ActiveCfg = Debug|Any CPU
		{110F9D8E-F737-0DF6-2F6A-240765485971}.Debug|x86.Build.0 = Debug|Any CPU
		{110F9D8E-F737-0DF6-2F6A-240765485971}.Release|Any CPU.ActiveCfg = Release|Any CPU
		{110F9D8E-F737-0DF6-2F6A-240765485971}.Release|Any CPU.Build.0 = Release|Any CPU
		{110F9D8E-F737-0DF6-2F6A-240765485971}.Release|x64.ActiveCfg = Release|Any CPU
		{110F9D8E-F737-0DF6-2F6A-240765485971}.Release|x64.Build.0 = Release|Any CPU
		{110F9D8E-F737-0DF6-2F6A-240765485971}.Release|x86.ActiveCfg = Release|Any CPU
		{110F9D8E-F737-0DF6-2F6A-240765485971}.Release|x86.Build.0 = Release|Any CPU
		{F62A076F-FD2B-4A63-965B-934707C30213}.Debug|Any CPU.ActiveCfg = Debug|Any CPU
		{F62A076F-FD2B-4A63-965B-934707C30213}.Debug|Any CPU.Build.0 = Debug|Any CPU
		{F62A076F-FD2B-4A63-965B-934707C30213}.Debug|x64.ActiveCfg = Debug|Any CPU
		{F62A076F-FD2B-4A63-965B-934707C30213}.Debug|x64.Build.0 = Debug|Any CPU
		{F62A076F-FD2B-4A63-965B-934707C30213}.Debug|x86.ActiveCfg = Debug|Any CPU
		{F62A076F-FD2B-4A63-965B-934707C30213}.Debug|x86.Build.0 = Debug|Any CPU
		{F62A076F-FD2B-4A63-965B-934707C30213}.Release|Any CPU.ActiveCfg = Release|Any CPU
		{F62A076F-FD2B-4A63-965B-934707C30213}.Release|Any CPU.Build.0 = Release|Any CPU
		{F62A076F-FD2B-4A63-965B-934707C30213}.Release|x64.ActiveCfg = Release|Any CPU
		{F62A076F-FD2B-4A63-965B-934707C30213}.Release|x64.Build.0 = Release|Any CPU
		{F62A076F-FD2B-4A63-965B-934707C30213}.Release|x86.ActiveCfg = Release|Any CPU
		{F62A076F-FD2B-4A63-965B-934707C30213}.Release|x86.Build.0 = Release|Any CPU
		{AC8ADF3B-74BC-4E8F-AD68-9CF5F0181199}.Debug|Any CPU.ActiveCfg = Debug|Any CPU
		{AC8ADF3B-74BC-4E8F-AD68-9CF5F0181199}.Debug|Any CPU.Build.0 = Debug|Any CPU
		{AC8ADF3B-74BC-4E8F-AD68-9CF5F0181199}.Debug|x64.ActiveCfg = Debug|Any CPU
		{AC8ADF3B-74BC-4E8F-AD68-9CF5F0181199}.Debug|x64.Build.0 = Debug|Any CPU
		{AC8ADF3B-74BC-4E8F-AD68-9CF5F0181199}.Debug|x86.ActiveCfg = Debug|Any CPU
		{AC8ADF3B-74BC-4E8F-AD68-9CF5F0181199}.Debug|x86.Build.0 = Debug|Any CPU
		{AC8ADF3B-74BC-4E8F-AD68-9CF5F0181199}.Release|Any CPU.ActiveCfg = Release|Any CPU
		{AC8ADF3B-74BC-4E8F-AD68-9CF5F0181199}.Release|Any CPU.Build.0 = Release|Any CPU
		{AC8ADF3B-74BC-4E8F-AD68-9CF5F0181199}.Release|x64.ActiveCfg = Release|Any CPU
		{AC8ADF3B-74BC-4E8F-AD68-9CF5F0181199}.Release|x64.Build.0 = Release|Any CPU
		{AC8ADF3B-74BC-4E8F-AD68-9CF5F0181199}.Release|x86.ActiveCfg = Release|Any CPU
		{AC8ADF3B-74BC-4E8F-AD68-9CF5F0181199}.Release|x86.Build.0 = Release|Any CPU
		{8337A51B-63FC-43C7-A3BA-3904D6F709BF}.Debug|Any CPU.ActiveCfg = Debug|Any CPU
		{8337A51B-63FC-43C7-A3BA-3904D6F709BF}.Debug|Any CPU.Build.0 = Debug|Any CPU
		{8337A51B-63FC-43C7-A3BA-3904D6F709BF}.Debug|x64.ActiveCfg = Debug|Any CPU
		{8337A51B-63FC-43C7-A3BA-3904D6F709BF}.Debug|x64.Build.0 = Debug|Any CPU
		{8337A51B-63FC-43C7-A3BA-3904D6F709BF}.Debug|x86.ActiveCfg = Debug|Any CPU
		{8337A51B-63FC-43C7-A3BA-3904D6F709BF}.Debug|x86.Build.0 = Debug|Any CPU
		{8337A51B-63FC-43C7-A3BA-3904D6F709BF}.Release|Any CPU.ActiveCfg = Release|Any CPU
		{8337A51B-63FC-43C7-A3BA-3904D6F709BF}.Release|Any CPU.Build.0 = Release|Any CPU
		{8337A51B-63FC-43C7-A3BA-3904D6F709BF}.Release|x64.ActiveCfg = Release|Any CPU
		{8337A51B-63FC-43C7-A3BA-3904D6F709BF}.Release|x64.Build.0 = Release|Any CPU
		{8337A51B-63FC-43C7-A3BA-3904D6F709BF}.Release|x86.ActiveCfg = Release|Any CPU
		{8337A51B-63FC-43C7-A3BA-3904D6F709BF}.Release|x86.Build.0 = Release|Any CPU
	EndGlobalSection
	GlobalSection(SolutionProperties) = preSolution
		HideSolutionNode = FALSE
	EndGlobalSection
	GlobalSection(NestedProjects) = preSolution
		{35C1C454-D19F-4D09-89E0-3F3B643CF557} = {827E0CD3-B72D-47B6-A68D-7590B98EB39B}
		{AEEF8DC6-E925-4EFE-BBAD-F8EBA6F75E4A} = {827E0CD3-B72D-47B6-A68D-7590B98EB39B}
		{D3C2D42C-526E-436F-AE1F-04E8F174642E} = {827E0CD3-B72D-47B6-A68D-7590B98EB39B}
		{358600FD-8CD1-4288-A2BE-601EACAD08A3} = {827E0CD3-B72D-47B6-A68D-7590B98EB39B}
		{7A643A9D-CDE3-4C80-84E0-55053EB50A44} = {827E0CD3-B72D-47B6-A68D-7590B98EB39B}
		{CC59F62E-E126-460A-AD43-CD5E1C52484E} = {827E0CD3-B72D-47B6-A68D-7590B98EB39B}
		{E2BE8C95-040F-D2DF-59AF-17BF54B977DA} = {827E0CD3-B72D-47B6-A68D-7590B98EB39B}
		{110F9D8E-F737-0DF6-2F6A-240765485971} = {827E0CD3-B72D-47B6-A68D-7590B98EB39B}
		{F62A076F-FD2B-4A63-965B-934707C30213} = {827E0CD3-B72D-47B6-A68D-7590B98EB39B}
		{AC8ADF3B-74BC-4E8F-AD68-9CF5F0181199} = {827E0CD3-B72D-47B6-A68D-7590B98EB39B}
		{8337A51B-63FC-43C7-A3BA-3904D6F709BF} = {827E0CD3-B72D-47B6-A68D-7590B98EB39B}
	EndGlobalSection
	GlobalSection(ExtensibilityGlobals) = postSolution
		SolutionGuid = {F7E46DBD-662B-40B0-ABB7-C562F15141C8}
	EndGlobalSection
EndGlobal
